PODS:
  - Backendless (5.1.7):
    - Socket.IO-Client-Swift
  - Socket.IO-Client-Swift (13.3.1):
    - Starscream (~> 3.0.2)
  - Starscream (3.0.6)

DEPENDENCIES:
  - Backendless

SPEC REPOS:
  https://github.com/cocoapods/specs.git:
    - Backendless
    - Socket.IO-Client-Swift
    - Starscream

SPEC CHECKSUMS:
  Backendless: ea6b9c96f15f135056a14608a90cfee96698d511
  Socket.IO-Client-Swift: 79f8f85fa44881838175a20f9bd2c32bef2c9d37
  Starscream: ef3ece99d765eeccb67de105bfa143f929026cf5

PODFILE CHECKSUM: 6c52f2f4c92fb3e0763370d6190f1860e86cf3df

COCOAPODS: 1.5.3
